// !$*UTF8*$!
{
	archiveVersion = 1;
	classes = {
	};
	objectVersion = 110;
	objects = {

/* Begin PBXBuildFile section */
		502D58302FFEC0C300B5B1DE /* Tokens.swift in Sources */ = {isa = PBXBuildFile; fileRef = 502D582F2FFEC0C300B5B1DE /* Tokens.swift */; };
		502D58322FFEC0EE00B5B1DE /* BlancSettings.swift in Sources */ = {isa = PBXBuildFile; fileRef = 502D58312FFEC0EE00B5B1DE /* BlancSettings.swift */; };
		502D58412FFED0A000B5B1DE /* pages in Resources */ = {isa = PBXBuildFile; fileRef = 502D58402FFED0A000B5B1DE /* pages */; };
/* End PBXBuildFile section */

/* Begin PBXContainerItemProxy section */
		502D58052FFEBF0D00B5B1DE /* PBXContainerItemProxy */ = {
			isa = PBXContainerItemProxy;
			containerPortal = 502D57EF2FFEBF0C00B5B1DE /* Project object */;
			proxyType = 1;
			remoteGlobalIDString = 502D57F62FFEBF0C00B5B1DE;
			remoteInfo = Blanc;
		};
/* End PBXContainerItemProxy section */

/* Begin PBXFileReference section */
		502D57F72FFEBF0C00B5B1DE /* Blanc.app */ = {isa = PBXFileReference; explicitFileType = wrapper.application; includeInIndex = 0; path = Blanc.app; sourceTree = BUILT_PRODUCTS_DIR; };
		502D58042FFEBF0D00B5B1DE /* BlancTests.xctest */ = {isa = PBXFileReference; explicitFileType = wrapper.cfbundle; includeInIndex = 0; path = BlancTests.xctest; sourceTree = BUILT_PRODUCTS_DIR; };
		502D582F2FFEC0C300B5B1DE /* Tokens.swift */ = {isa = PBXFileReference; lastKnownFileType = sourcecode.swift; path = Tokens.swift; sourceTree = "<group>"; };
		502D58312FFEC0EE00B5B1DE /* BlancSettings.swift */ = {isa = PBXFileReference; lastKnownFileType = sourcecode.swift; path = BlancSettings.swift; sourceTree = "<group>"; };
		502D58402FFED0A000B5B1DE /* pages */ = {isa = PBXFileReference; lastKnownFileType = folder; name = pages; path = ../../src/renderer/pages; sourceTree = "<group>"; };
/* End PBXFileReference section */

/* Begin PBXFileSystemSynchronizedRootGroup section */
		502D57F92FFEBF0C00B5B1DE /* Blanc */ = {
			isa = PBXFileSystemSynchronizedRootGroup;
			path = Blanc;
			sourceTree = "<group>";
		};
		502D58072FFEBF0D00B5B1DE /* BlancTests */ = {
			isa = PBXFileSystemSynchronizedRootGroup;
			path = BlancTests;
			sourceTree = "<group>";
		};
/* End PBXFileSystemSynchronizedRootGroup section */

/* Begin PBXFrameworksBuildPhase section */
		502D57F42FFEBF0C00B5B1DE /* Frameworks */ = {
			isa = PBXFrameworksBuildPhase;
			files = (
			);
		};
		502D58012FFEBF0D00B5B1DE /* Frameworks */ = {
			isa = PBXFrameworksBuildPhase;
			files = (
			);
		};
/* End PBXFrameworksBuildPhase section */

/* Begin PBXGroup section */
		502D57EE2FFEBF0C00B5B1DE = {
			isa = PBXGroup;
			children = (
				502D58402FFED0A000B5B1DE /* pages */,
				502D58312FFEC0EE00B5B1DE /* BlancSettings.swift */,
				502D582F2FFEC0C300B5B1DE /* Tokens.swift */,
				502D57F92FFEBF0C00B5B1DE /* Blanc */,
				502D58072FFEBF0D00B5B1DE /* BlancTests */,
				502D57F82FFEBF0C00B5B1DE /* Products */,
			);
			sourceTree = "<group>";
		};
		502D57F82FFEBF0C00B5B1DE /* Products */ = {
			isa = PBXGroup;
			children = (
				502D57F72FFEBF0C00B5B1DE /* Blanc.app */,
				502D58042FFEBF0D00B5B1DE /* BlancTests.xctest */,
			);
			name = Products;
			sourceTree = "<group>";
		};
/* End PBXGroup section */

/* Begin PBXNativeTarget section */
		502D57F62FFEBF0C00B5B1DE /* Blanc */ = {
			isa = PBXNativeTarget;
			buildConfigurationList = 502D58162FFEBF0D00B5B1DE /* Build configuration list for PBXNativeTarget "Blanc" */;
			buildPhases = (
				502D57F32FFEBF0C00B5B1DE /* Sources */,
				502D57F42FFEBF0C00B5B1DE /* Frameworks */,
				502D57F52FFEBF0C00B5B1DE /* Resources */,
			);
			buildRules = (
			);
			fileSystemSynchronizedGroups = (
				502D57F92FFEBF0C00B5B1DE /* Blanc */,
			);
			name = Blanc;
			productName = Blanc;
			productReference = 502D57F72FFEBF0C00B5B1DE /* Blanc.app */;
			productType = "com.apple.product-type.application";
		};
		502D58032FFEBF0D00B5B1DE /* BlancTests */ = {
			isa = PBXNativeTarget;
			buildConfigurationList = 502D58192FFEBF0D00B5B1DE /* Build configuration list for PBXNativeTarget "BlancTests" */;
			buildPhases = (
				502D58002FFEBF0D00B5B1DE /* Sources */,
				502D58012FFEBF0D00B5B1DE /* Frameworks */,
				502D58022FFEBF0D00B5B1DE /* Resources */,
			);
			buildRules = (
			);
			dependencies = (
				502D58062FFEBF0D00B5B1DE /* PBXTargetDependency */,
			);
			fileSystemSynchronizedGroups = (
				502D58072FFEBF0D00B5B1DE /* BlancTests */,
			);
			name = BlancTests;
			productName = BlancTests;
			productReference = 502D58042FFEBF0D00B5B1DE /* BlancTests.xctest */;
			productType = "com.apple.product-type.bundle.unit-test";
		};
/* End PBXNativeTarget section */

/* Begin PBXProject section */
		502D57EF2FFEBF0C00B5B1DE /* Project object */ = {
			isa = PBXProject;
			attributes = {
				BuildIndependentTargetsInParallel = 1;
				LastSwiftUpdateCheck = 2700;
				LastUpgradeCheck = 2700;
				TargetAttributes = {
					502D57F62FFEBF0C00B5B1DE = {
						CreatedOnToolsVersion = 27.0;
					};
					502D58032FFEBF0D00B5B1DE = {
						CreatedOnToolsVersion = 27.0;
						TestTargetID = 502D57F62FFEBF0C00B5B1DE;
					};
				};
			};
			buildConfigurationList = 502D57F22FFEBF0C00B5B1DE /* Build configuration list for PBXProject "Blanc" */;
			developmentRegion = en;
			hasScannedForEncodings = 0;
			knownRegions = (
				en,
				Base,
			);
			mainGroup = 502D57EE2FFEBF0C00B5B1DE;
			minimizedProjectReferenceProxies = 1;
			preferredProjectObjectVersion = 77;
			productRefGroup = 502D57F82FFEBF0C00B5B1DE /* Products */;
			projectDirPath = "";
			projectRoot = "";
			targets = (
				502D57F62FFEBF0C00B5B1DE /* Blanc */,
				502D58032FFEBF0D00B5B1DE /* BlancTests */,
			);
		};
/* End PBXProject section */

/* Begin PBXResourcesBuildPhase section */
		502D57F52FFEBF0C00B5B1DE /* Resources */ = {
			isa = PBXResourcesBuildPhase;
			files = (
				502D58412FFED0A000B5B1DE /* pages in Resources */,
			);
		};
		502D58022FFEBF0D00B5B1DE /* Resources */ = {
			isa = PBXResourcesBuildPhase;
			files = (
			);
		};
/* End PBXResourcesBuildPhase section */

/* Begin PBXSourcesBuildPhase section */
		502D57F32FFEBF0C00B5B1DE /* Sources */ = {
			isa = PBXSourcesBuildPhase;
			files = (
				502D58322FFEC0EE00B5B1DE /* BlancSettings.swift in Sources */,
				502D58302FFEC0C300B5B1DE /* Tokens.swift in Sources */,
			);
		};
		502D58002FFEBF0D00B5B1DE /* Sources */ = {
			isa = PBXSourcesBuildPhase;
			files = (
			);
		};
/* End PBXSourcesBuildPhase section */

/* Begin PBXTargetDependency section */
		502D58062FFEBF0D00B5B1DE /* PBXTargetDependency */ = {
			isa = PBXTargetDependency;
			target = 502D57F62FFEBF0C00B5B1DE /* Blanc */;
			targetProxy = 502D58052FFEBF0D00B5B1DE /* PBXContainerItemProxy */;
		};
/* End PBXTargetDependency section */

/* Begin XCBuildConfiguration section */
		502D58142FFEBF0D00B5B1DE /* Debug configuration for PBXProject "Blanc" */ = {
			isa = XCBuildConfiguration;
			buildSettings = {
				ALWAYS_SEARCH_USER_PATHS = NO;
				ASSETCATALOG_COMPILER_GENERATE_SWIFT_ASSET_SYMBOL_EXTENSIONS = YES;
				CLANG_ANALYZER_NONNULL = YES;
				CLANG_ANALYZER_NUMBER_OBJECT_CONVERSION = YES_AGGRESSIVE;
				CLANG_CXX_LANGUAGE_STANDARD = "gnu++20";
				CLANG_ENABLE_MODULES = YES;
				CLANG_ENABLE_OBJC_ARC = YES;
				CLANG_ENABLE_OBJC_WEAK = YES;
				CLANG_WARN_BLOCK_CAPTURE_AUTORELEASING = YES;
				CLANG_WARN_BOOL_CONVERSION = YES;
				CLANG_WARN_COMMA = YES;
				CLANG_WARN_CONSTANT_CONVERSION = YES;
				CLANG_WARN_DEPRECATED_OBJC_IMPLEMENTATIONS = YES;
				CLANG_WARN_DIRECT_OBJC_ISA_USAGE = YES_ERROR;
				CLANG_WARN_DOCUMENTATION_COMMENTS = YES;
				CLANG_WARN_EMPTY_BODY = YES;
				CLANG_WARN_ENUM_CONVERSION = YES;
				CLANG_WARN_INFINITE_RECURSION = YES;
				CLANG_WARN_INT_CONVERSION = YES;
				CLANG_WARN_NON_LITERAL_NULL_CONVERSION = YES;
				CLANG_WARN_OBJC_IMPLICIT_RETAIN_SELF = YES;
				CLANG_WARN_OBJC_LITERAL_CONVERSION = YES;
				CLANG_WARN_OBJC_ROOT_CLASS = YES_ERROR;
				CLANG_WARN_QUOTED_INCLUDE_IN_FRAMEWORK_HEADER = YES;
				CLANG_WARN_RANGE_LOOP_ANALYSIS = YES;
				CLANG_WARN_STRICT_PROTOTYPES = YES;
				CLANG_WARN_SUSPICIOUS_MOVE = YES;
				CLANG_WARN_UNGUARDED_AVAILABILITY = YES_AGGRESSIVE;
				CLANG_WARN_UNREACHABLE_CODE = YES;
				CLANG_WARN__DUPLICATE_METHOD_MATCH = YES;
				COPY_PHASE_STRIP = NO;
				DEBUG_INFORMATION_FORMAT = dwarf;
				DEVELOPMENT_TEAM = XYGUCY4498;
				ENABLE_STRICT_OBJC_MSGSEND = YES;
				ENABLE_TESTABILITY = YES;
				ENABLE_USER_SCRIPT_SANDBOXING = YES;
				GCC_C_LANGUAGE_STANDARD = gnu17;
				GCC_DYNAMIC_NO_PIC = NO;
				GCC_NO_COMMON_BLOCKS = YES;
				GCC_OPTIMIZATION_LEVEL = 0;
				GCC_PREPROCESSOR_DEFINITIONS = (
					"DEBUG=1",
					"$(inherited)",
				);
				GCC_WARN_64_TO_32_BIT_CONVERSION = YES;
				GCC_WARN_ABOUT_RETURN_TYPE = YES_ERROR;
				GCC_WARN_UNDECLARED_SELECTOR = YES;
				GCC_WARN_UNINITIALIZED_AUTOS = YES_AGGRESSIVE;
				GCC_WARN_UNUSED_FUNCTION = YES;
				GCC_WARN_UNUSED_VARIABLE = YES;
				IPHONEOS_DEPLOYMENT_TARGET = 27.0;
				LOCALIZATION_PREFERS_STRING_CATALOGS = YES;
				MTL_ENABLE_DEBUG_INFO = INCLUDE_SOURCE;
				MTL_FAST_MATH = YES;
				ONLY_ACTIVE_ARCH = YES;
				SDKROOT = iphoneos;
				SWIFT_ACTIVE_COMPILATION_CONDITIONS = "DEBUG $(inherited)";
				SWIFT_OPTIMIZATION_LEVEL = "-Onone";
			};
			name = Debug;
		};
		502D58152FFEBF0D00B5B1DE /* Release configuration for PBXProject "Blanc" */ = {
			isa = XCBuildConfiguration;
			buildSettings = {
				ALWAYS_SEARCH_USER_PATHS = NO;
				ASSETCATALOG_COMPILER_GENERATE_SWIFT_ASSET_SYMBOL_EXTENSIONS = YES;
				CLANG_ANALYZER_NONNULL = YES;
				CLANG_ANALYZER_NUMBER_OBJECT_CONVERSION = YES_AGGRESSIVE;
				CLANG_CXX_LANGUAGE_STANDARD = "gnu++20";
				CLANG_ENABLE_MODULES = YES;
				CLANG_ENABLE_OBJC_ARC = YES;
				CLANG_ENABLE_OBJC_WEAK = YES;
				CLANG_WARN_BLOCK_CAPTURE_AUTORELEASING = YES;
				CLANG_WARN_BOOL_CONVERSION = YES;
				CLANG_WARN_COMMA = YES;
				CLANG_WARN_CONSTANT_CONVERSION = YES;
				CLANG_WARN_DEPRECATED_OBJC_IMPLEMENTATIONS = YES;
				CLANG_WARN_DIRECT_OBJC_ISA_USAGE = YES_ERROR;
				CLANG_WARN_DOCUMENTATION_COMMENTS = YES;
				CLANG_WARN_EMPTY_BODY = YES;
				CLANG_WARN_ENUM_CONVERSION = YES;
				CLANG_WARN_INFINITE_RECURSION = YES;
				CLANG_WARN_INT_CONVERSION = YES;
				CLANG_WARN_NON_LITERAL_NULL_CONVERSION = YES;
				CLANG_WARN_OBJC_IMPLICIT_RETAIN_SELF = YES;
				CLANG_WARN_OBJC_LITERAL_CONVERSION = YES;
				CLANG_WARN_OBJC_ROOT_CLASS = YES_ERROR;
				CLANG_WARN_QUOTED_INCLUDE_IN_FRAMEWORK_HEADER = YES;
				CLANG_WARN_RANGE_LOOP_ANALYSIS = YES;
				CLANG_WARN_STRICT_PROTOTYPES = YES;
				CLANG_WARN_SUSPICIOUS_MOVE = YES;
				CLANG_WARN_UNGUARDED_AVAILABILITY = YES_AGGRESSIVE;
				CLANG_WARN_UNREACHABLE_CODE = YES;
				CLANG_WARN__DUPLICATE_METHOD_MATCH = YES;
				COPY_PHASE_STRIP = NO;
				DEBUG_INFORMATION_FORMAT = "dwarf-with-dsym";
				DEVELOPMENT_TEAM = XYGUCY4498;
				ENABLE_NS_ASSERTIONS = NO;
				ENABLE_STRICT_OBJC_MSGSEND = YES;
				ENABLE_USER_SCRIPT_SANDBOXING = YES;
				GCC_C_LANGUAGE_STANDARD = gnu17;
				GCC_NO_COMMON_BLOCKS = YES;
				GCC_WARN_64_TO_32_BIT_CONVERSION = YES;
				GCC_WARN_ABOUT_RETURN_TYPE = YES_ERROR;
				GCC_WARN_UNDECLARED_SELECTOR = YES;
				GCC_WARN_UNINITIALIZED_AUTOS = YES_AGGRESSIVE;
				GCC_WARN_UNUSED_FUNCTION = YES;
				GCC_WARN_UNUSED_VARIABLE = YES;
				IPHONEOS_DEPLOYMENT_TARGET = 27.0;
				LOCALIZATION_PREFERS_STRING_CATALOGS = YES;
				MTL_ENABLE_DEBUG_INFO = NO;
				MTL_FAST_MATH = YES;
				SDKROOT = iphoneos;
				SWIFT_COMPILATION_MODE = wholemodule;
				VALIDATE_PRODUCT = YES;
			};
			name = Release;
		};
		502D58172FFEBF0D00B5B1DE /* Debug configuration for PBXNativeTarget "Blanc" */ = {
			isa = XCBuildConfiguration;
			buildSettings = {
				ASSETCATALOG_COMPILER_APPICON_NAME = AppIcon;
				ASSETCATALOG_COMPILER_GLOBAL_ACCENT_COLOR_NAME = AccentColor;
				CODE_SIGN_STYLE = Automatic;
				CURRENT_PROJECT_VERSION = 1;
				DEVELOPMENT_TEAM = XYGUCY4498;
				ENABLE_PREVIEWS = YES;
				GENERATE_INFOPLIST_FILE = YES;
				INFOPLIST_KEY_UIApplicationSceneManifest_Generation = YES;
				INFOPLIST_KEY_UIApplicationSupportsIndirectInputEvents = YES;
				INFOPLIST_KEY_UILaunchScreen_Generation = YES;
				INFOPLIST_KEY_UISupportedInterfaceOrientations_iPad = "UIInterfaceOrientationPortrait UIInterfaceOrientationPortraitUpsideDown UIInterfaceOrientationLandscapeLeft UIInterfaceOrientationLandscapeRight";
				INFOPLIST_KEY_UISupportedInterfaceOrientations_iPhone = "UIInterfaceOrientationPortrait UIInterfaceOrientationLandscapeLeft UIInterfaceOrientationLandscapeRight";
				IPHONEOS_DEPLOYMENT_TARGET = "$(RECOMMENDED_IPHONEOS_DEPLOYMENT_TARGET)";
				LD_RUNPATH_SEARCH_PATHS = (
					"$(inherited)",
					"@executable_path/Frameworks",
				);
				MARKETING_VERSION = 1.0;
				PRODUCT_BUNDLE_IDENTIFIER = me.bnfy.blanc;
				PRODUCT_NAME = "$(TARGET_NAME)";
				STRING_CATALOG_GENERATE_SYMBOLS = YES;
				SUPPORTED_PLATFORMS = "iphoneos iphonesimulator";
				SUPPORTS_MACCATALYST = NO;
				SUPPORTS_MAC_DESIGNED_FOR_IPHONE_IPAD = NO;
				SUPPORTS_XR_DESIGNED_FOR_IPHONE_IPAD = NO;
				SWIFT_APPROACHABLE_CONCURRENCY = YES;
				SWIFT_DEFAULT_ACTOR_ISOLATION = MainActor;
				SWIFT_EMIT_LOC_STRINGS = YES;
				SWIFT_UPCOMING_FEATURE_MEMBER_IMPORT_VISIBILITY = YES;
				SWIFT_VERSION = 5.0;
				TARGETED_DEVICE_FAMILY = 1;
			};
			name = Debug;
		};
		502D58182FFEBF0D00B5B1DE /* Release configuration for PBXNativeTarget "Blanc" */ = {
			isa = XCBuildConfiguration;
			buildSettings = {
				ASSETCATALOG_COMPILER_APPICON_NAME = AppIcon;
				ASSETCATALOG_COMPILER_GLOBAL_ACCENT_COLOR_NAME = AccentColor;
				CODE_SIGN_STYLE = Automatic;
				CURRENT_PROJECT_VERSION = 1;
				DEVELOPMENT_TEAM = XYGUCY4498;
				ENABLE_PREVIEWS = YES;
				GENERATE_INFOPLIST_FILE = YES;
				INFOPLIST_KEY_UIApplicationSceneManifest_Generation = YES;
				INFOPLIST_KEY_UIApplicationSupportsIndirectInputEvents = YES;
				INFOPLIST_KEY_UILaunchScreen_Generation = YES;
				INFOPLIST_KEY_UISupportedInterfaceOrientations_iPad = "UIInterfaceOrientationPortrait UIInterfaceOrientationPortraitUpsideDown UIInterfaceOrientationLandscapeLeft UIInterfaceOrientationLandscapeRight";
				INFOPLIST_KEY_UISupportedInterfaceOrientations_iPhone = "UIInterfaceOrientationPortrait UIInterfaceOrientationLandscapeLeft UIInterfaceOrientationLandscapeRight";
				IPHONEOS_DEPLOYMENT_TARGET = "$(RECOMMENDED_IPHONEOS_DEPLOYMENT_TARGET)";
				LD_RUNPATH_SEARCH_PATHS = (
					"$(inherited)",
					"@executable_path/Frameworks",
				);
				MARKETING_VERSION = 1.0;
				PRODUCT_BUNDLE_IDENTIFIER = me.bnfy.blanc;
				PRODUCT_NAME = "$(TARGET_NAME)";
				STRING_CATALOG_GENERATE_SYMBOLS = YES;
				SUPPORTED_PLATFORMS = "iphoneos iphonesimulator";
				SUPPORTS_MACCATALYST = NO;
				SUPPORTS_MAC_DESIGNED_FOR_IPHONE_IPAD = NO;
				SUPPORTS_XR_DESIGNED_FOR_IPHONE_IPAD = NO;
				SWIFT_APPROACHABLE_CONCURRENCY = YES;
				SWIFT_DEFAULT_ACTOR_ISOLATION = MainActor;
				SWIFT_EMIT_LOC_STRINGS = YES;
				SWIFT_UPCOMING_FEATURE_MEMBER_IMPORT_VISIBILITY = YES;
				SWIFT_VERSION = 5.0;
				TARGETED_DEVICE_FAMILY = 1;
			};
			name = Release;
		};
		502D581A2FFEBF0D00B5B1DE /* Debug configuration for PBXNativeTarget "BlancTests" */ = {
			isa = XCBuildConfiguration;
			buildSettings = {
				BUNDLE_LOADER = "$(TEST_HOST)";
				CODE_SIGN_STYLE = Automatic;
				CURRENT_PROJECT_VERSION = 1;
				DEVELOPMENT_TEAM = XYGUCY4498;
				GENERATE_INFOPLIST_FILE = YES;
				IPHONEOS_DEPLOYMENT_TARGET = 27.0;
				MARKETING_VERSION = 1.0;
				PRODUCT_BUNDLE_IDENTIFIER = me.bnfy.BlancTests;
				PRODUCT_NAME = "$(TARGET_NAME)";
				STRING_CATALOG_GENERATE_SYMBOLS = NO;
				SWIFT_APPROACHABLE_CONCURRENCY = YES;
				SWIFT_EMIT_LOC_STRINGS = NO;
				SWIFT_UPCOMING_FEATURE_MEMBER_IMPORT_VISIBILITY = YES;
				SWIFT_VERSION = 5.0;
				TARGETED_DEVICE_FAMILY = "1,2";
				TEST_HOST = "$(BUILT_PRODUCTS_DIR)/Blanc.app/$(BUNDLE_EXECUTABLE_FOLDER_PATH)/Blanc";
			};
			name = Debug;
		};
		502D581B2FFEBF0D00B5B1DE /* Release configuration for PBXNativeTarget "BlancTests" */ = {
			isa = XCBuildConfiguration;
			buildSettings = {
				BUNDLE_LOADER = "$(TEST_HOST)";
				CODE_SIGN_STYLE = Automatic;
				CURRENT_PROJECT_VERSION = 1;
				DEVELOPMENT_TEAM = XYGUCY4498;
				GENERATE_INFOPLIST_FILE = YES;
				IPHONEOS_DEPLOYMENT_TARGET = 27.0;
				MARKETING_VERSION = 1.0;
				PRODUCT_BUNDLE_IDENTIFIER = me.bnfy.BlancTests;
				PRODUCT_NAME = "$(TARGET_NAME)";
				STRING_CATALOG_GENERATE_SYMBOLS = NO;
				SWIFT_APPROACHABLE_CONCURRENCY = YES;
				SWIFT_EMIT_LOC_STRINGS = NO;
				SWIFT_UPCOMING_FEATURE_MEMBER_IMPORT_VISIBILITY = YES;
				SWIFT_VERSION = 5.0;
				TARGETED_DEVICE_FAMILY = "1,2";
				TEST_HOST = "$(BUILT_PRODUCTS_DIR)/Blanc.app/$(BUNDLE_EXECUTABLE_FOLDER_PATH)/Blanc";
			};
			name = Release;
		};
/* End XCBuildConfiguration section */

/* Begin XCConfigurationList section */
		502D57F22FFEBF0C00B5B1DE /* Build configuration list for PBXProject "Blanc" */ = {
			isa = XCConfigurationList;
			buildConfigurations = (
				502D58142FFEBF0D00B5B1DE /* Debug configuration for PBXProject "Blanc" */,
				502D58152FFEBF0D00B5B1DE /* Release configuration for PBXProject "Blanc" */,
			);
			defaultConfigurationName = Release;
		};
		502D58162FFEBF0D00B5B1DE /* Build configuration list for PBXNativeTarget "Blanc" */ = {
			isa = XCConfigurationList;
			buildConfigurations = (
				502D58172FFEBF0D00B5B1DE /* Debug configuration for PBXNativeTarget "Blanc" */,
				502D58182FFEBF0D00B5B1DE /* Release configuration for PBXNativeTarget "Blanc" */,
			);
			defaultConfigurationName = Release;
		};
		502D58192FFEBF0D00B5B1DE /* Build configuration list for PBXNativeTarget "BlancTests" */ = {
			isa = XCConfigurationList;
			buildConfigurations = (
				502D581A2FFEBF0D00B5B1DE /* Debug configuration for PBXNativeTarget "BlancTests" */,
				502D581B2FFEBF0D00B5B1DE /* Release configuration for PBXNativeTarget "BlancTests" */,
			);
			defaultConfigurationName = Release;
		};
/* End XCConfigurationList section */
	};
	rootObject = 502D57EF2FFEBF0C00B5B1DE /* Project object */;
	validationLevel = 1;
}
